{
    "_meta": {
        "hash": {
            "sha256": "7e58c48cc702e9d3f148555f42730d7507ddec80ba31ace1ac82d432e423f2b4"
        },
        "pipfile-spec": 6,
        "requires": {
            "python_version": "3.10"
        },
        "sources": [
            {
                "name": "pypi",
                "url": "https://pypi.org/simple",
                "verify_ssl": true
            }
        ]
    },
    "default": {
        "asgiref": {
            "hashes": [
                "sha256:89b2ef2247e3b562a16eef663bc0e2e703ec6468e2fa8a5cd61cd449786d4f6e",
                "sha256:9e0ce3aa93a819ba5b45120216b23878cf6e8525eb3848653452b4192b92afed"
            ],
            "markers": "python_version >= '3.7'",
            "version": "==3.7.2"
        },
        "bleach": {
            "extras": [
                "css"
            ],
            "hashes": [
                "sha256:0a31f1837963c41d46bbf1331b8778e1308ea0791db03cc4e7357b97cf42a8fe",
                "sha256:3225f354cfc436b9789c66c4ee030194bee0568fbf9cbdad3bc8b5c26c5f12b6"
            ],
            "markers": "python_version >= '3.8'",
            "version": "==6.1.0"
        },
        "django": {
            "hashes": [
                "sha256:08f41f468b63335aea0d904c5729e0250300f6a1907bf293a65499496cdbc68f",
                "sha256:a64d2487cdb00ad7461434320ccc38e60af9c404773a2f95ab0093b4453a3215"
            ],
            "markers": "python_version >= '3.8'",
            "version": "==4.2.6"
        },
        "django-markdownify": {
            "hashes": [
                "sha256:acf42614a418aef55535a66d4b3426b181cf8c8f990e265f453df900c3ad3d25",
                "sha256:df00291bc338400b9ef999402751fc12c30623d266b7c04e43336d27d0eadee6"
            ],
            "index": "pypi",
            "version": "==0.9.3"
        },
        "markdown": {
            "hashes": [
                "sha256:4afb124395ce5fc34e6d9886dab977fd9ae987fc6e85689f08278cf0c69d4bf3",
                "sha256:a807eb2e4778d9156c8f07876c6e4d50b5494c5665c4834f67b06459dfd877b3"
            ],
            "markers": "python_version >= '3.8'",
            "version": "==3.5"
        },
        "six": {
            "hashes": [
                "sha256:1e61c37477a1626458e36f7b1d82aa5c9b094fa4802892072e49de9c60c4c926",
                "sha256:8abb2f1d86890a2dfb989f9a77cfcfd3e47c2a354b01111771326f8aa26e0254"
            ],
            "markers": "python_version >= '2.7' and python_version not in '3.0, 3.1, 3.2'",
            "version": "==1.16.0"
        },
        "sqlparse": {
            "hashes": [
                "sha256:5430a4fe2ac7d0f93e66f1efc6e1338a41884b7ddf2a350cedd20ccc4d9d28f3",
                "sha256:d446183e84b8349fa3061f0fe7f06ca94ba65b426946ffebe6e3e8295332420c"
            ],
            "markers": "python_version >= '3.5'",
            "version": "==0.4.4"
        },
        "tinycss2": {
            "hashes": [
                "sha256:2b80a96d41e7c3914b8cda8bc7f705a4d9c49275616e886103dd839dfc847847",
                "sha256:8cff3a8f066c2ec677c06dbc7b45619804a6938478d9d73c284b29d14ecb0627"
            ],
            "version": "==1.2.1"
        },
        "typing-extensions": {
            "hashes": [
                "sha256:8f92fc8806f9a6b641eaa5318da32b44d401efaac0f6678c9bc448ba3605faa0",
                "sha256:df8e4339e9cb77357558cbdbceca33c303714cf861d1eef15e1070055ae8b7ef"
            ],
            "markers": "python_version < '3.11'",
            "version": "==4.8.0"
        },
        "tzdata": {
            "hashes": [
                "sha256:11ef1e08e54acb0d4f95bdb1be05da659673de4acbd21bf9c69e94cc5e907a3a",
                "sha256:7e65763eef3120314099b6939b5546db7adce1e7d6f2e179e3df563c70511eda"
            ],
            "markers": "sys_platform == 'win32'",
            "version": "==2023.3"
        },
        "webencodings": {
            "hashes": [
                "sha256:a0af1213f3c2226497a97e2b3aa01a7e4bee4f403f95be16fc9acd2947514a78",
                "sha256:b36a1c245f2d304965eb4e0a82848379241dc04b865afcc4aab16748587e1923"
            ],
            "version": "==0.5.1"
        }
    },
    "develop": {}
}
